{
    "_readme": [
        "This file locks the dependencies of your project to a known state",
        "Read more about it at https://getcomposer.org/doc/01-basic-usage.md#installing-dependencies",
        "This file is @generated automatically"
    ],
    "content-hash": "ce10a1be32f28e74ed91ddb550033e5d",
    "packages": [
        {
            "name": "rodneyrehm/plist",
            "version": "v2.0.3",
            "source": {
                "type": "git",
                "url": "https://github.com/TECLIB/CFPropertyList.git",
                "reference": "eb1f97cc44427359be9f09e617d68eef57707617"
            },
            "dist": {
                "type": "zip",
                "url": "https://api.github.com/repos/TECLIB/CFPropertyList/zipball/eb1f97cc44427359be9f09e617d68eef57707617",
                "reference": "eb1f97cc44427359be9f09e617d68eef57707617",
                "shasum": ""
            },
            "require": {
                "ext-dom": "*",
                "ext-libxml": "*",
                "php": "^7.4 || ^8.0"
            },
            "require-dev": {
                "phpunit/phpunit": "^9.0",
                "squizlabs/php_codesniffer": "^3.2"
            },
            "type": "library",
            "autoload": {
                "psr-4": {
                    "CFPropertyList\\": "src/CFPropertyList/"
                }
            },
            "notification-url": "https://packagist.org/downloads/",
            "license": [
                "MIT"
            ],
            "authors": [
                {
                    "name": "Christian Kruse",
                    "email": "cjk@wwwtech.de",
                    "role": "developer"
                },
                {
                    "name": "Rodney Rehm",
                    "email": "mail+github@rodneyrehm.de",
                    "role": "developer"
                },
                {
                    "name": "Thierry Bugier",
                    "email": "tbugier@teclib.com",
                    "role": "developer"
                }
            ],
            "description": "Library for reading and writing Apple's CFPropertyList (plist) files in XML as well as binary format.",
            "homepage": "https://github.com/TECLIB/CFPropertyList",
            "keywords": [
                "CFPropertyList",
                "Core Foundation",
                "apple",
                "binary",
                "plist",
                "xml"
            ],
            "support": {
                "docs": "http://teclib.github.io/CFPropertyList/howtos/",
                "email": "contact@teclib.com",
                "issues": "https://github.com/TECLIB/CFPropertyList/issues",
                "rss": "https://teclib.github.io/CFPropertyList/feed.xml",
                "source": "https://github.com/TECLIB/CFPropertyList"
            },
            "time": "2021-12-01T18:24:28+00:00"
        },
        {
            "name": "tufanbarisyildirim/php-apk-parser",
            "version": "3.0",
            "source": {
                "type": "git",
                "url": "https://github.com/tufanbarisyildirim/php-apk-parser.git",
                "reference": "b7d008c8aad9c43058272103f16a8bd8064e65d2"
            },
            "dist": {
                "type": "zip",
                "url": "https://api.github.com/repos/tufanbarisyildirim/php-apk-parser/zipball/b7d008c8aad9c43058272103f16a8bd8064e65d2",
                "reference": "b7d008c8aad9c43058272103f16a8bd8064e65d2",
                "shasum": ""
            },
            "require": {
                "ext-json": "*",
                "ext-libxml": "*",
                "ext-mbstring": "*",
                "ext-simplexml": "*",
                "ext-zip": "*",
                "php": ">=8.0"
            },
            "require-dev": {
                "phpunit/phpunit": "^8.5"
            },
            "type": "library",
            "autoload": {
                "psr-0": {
                    "ApkParser": "lib"
                }
            },
            "notification-url": "https://packagist.org/downloads/",
            "license": [
                "MIT"
            ],
            "authors": [
                {
                    "name": "Tufan Baris YILDIRIM",
                    "email": "tufanbarisyildirim@gmail.com",
                    "homepage": "http://tufanbarisyildirim.com",
                    "role": "Developer"
                }
            ],
            "description": "Read basic info about an application from .apk file.",
            "homepage": "https://github.com/tufanbarisyildirim/php-apk-parser",
            "keywords": [
                "android",
                "apk",
                "parser"
            ],
            "support": {
                "issues": "https://github.com/tufanbarisyildirim/php-apk-parser/issues",
                "source": "https://github.com/tufanbarisyildirim/php-apk-parser/tree/3.0"
            },
            "time": "2022-11-19T10:05:42+00:00"
        },
        {
            "name": "vlucas/valitron",
            "version": "v1.4.11",
            "source": {
                "type": "git",
                "url": "https://github.com/vlucas/valitron.git",
                "reference": "fadce39f5f235755bb9794b2573af2d5bfcba85f"
            },
            "dist": {
                "type": "zip",
                "url": "https://api.github.com/repos/vlucas/valitron/zipball/fadce39f5f235755bb9794b2573af2d5bfcba85f",
                "reference": "fadce39f5f235755bb9794b2573af2d5bfcba85f",
                "shasum": ""
            },
            "require": {
                "php": ">=5.3.2"
            },
            "require-dev": {
                "phpunit/phpunit": ">=4.8.35"
            },
            "suggest": {
                "ext-mbstring": "It can support the multiple bytes string length."
            },
            "type": "library",
            "autoload": {
                "psr-4": {
                    "Valitron\\": "src/Valitron"
                }
            },
            "notification-url": "https://packagist.org/downloads/",
            "license": [
                "BSD-3-Clause"
            ],
            "authors": [
                {
                    "name": "Vance Lucas",
                    "email": "vance@vancelucas.com",
                    "homepage": "https://www.vancelucas.com"
                }
            ],
            "description": "Simple, elegant, stand-alone validation library with NO dependencies",
            "homepage": "https://github.com/vlucas/valitron",
            "keywords": [
                "valid",
                "validation",
                "validator"
            ],
            "support": {
                "issues": "https://github.com/vlucas/valitron/issues",
                "source": "https://github.com/vlucas/valitron/tree/v1.4.11"
            },
            "funding": [
                {
                    "url": "https://tidelift.com/funding/github/packagist/vlucas/valitron",
                    "type": "tidelift"
                }
            ],
            "time": "2022-10-14T11:54:24+00:00"
        }
    ],
    "packages-dev": [],
    "aliases": [],
    "minimum-stability": "stable",
    "stability-flags": [],
    "prefer-stable": false,
    "prefer-lowest": false,
    "platform": [],
    "platform-dev": [],
    "plugin-api-version": "2.3.0"
}
